// !$*UTF8*$!
{
	archiveVersion = 1;
	classes = {
	};
	objectVersion = 77;
	objects = {

/* Begin PBXBuildFile section */
		F904316E2E75B76F00E306FA /* ContentView.swift in Sources */ = {isa = PBXBuildFile; fileRef = F904316B2E75B76F00E306FA /* ContentView.swift */; };
		F904316F2E75B76F00E306FA /* GitHubFollowersSwiftUIApp.swift in Sources */ = {isa = PBXBuildFile; fileRef = F904316C2E75B76F00E306FA /* GitHubFollowersSwiftUIApp.swift */; };
		F90431702E75B76F00E306FA /* Assets.xcassets in Resources */ = {isa = PBXBuildFile; fileRef = F904316A2E75B76F00E306FA /* Assets.xcassets */; };
		F90431742E75B7C700E306FA /* GFTextField.swift in Sources */ = {isa = PBXBuildFile; fileRef = F90431732E75B7C700E306FA /* GFTextField.swift */; };
		F90431762E75B7D800E306FA /* GFButton.swift in Sources */ = {isa = PBXBuildFile; fileRef = F90431752E75B7D800E306FA /* GFButton.swift */; };
		F90431782E75B7F700E306FA /* SearchView.swift in Sources */ = {isa = PBXBuildFile; fileRef = F90431772E75B7F700E306FA /* SearchView.swift */; };
		F904317A2E75B83000E306FA /* FavoritesListView.swift in Sources */ = {isa = PBXBuildFile; fileRef = F90431792E75B83000E306FA /* FavoritesListView.swift */; };
/* End PBXBuildFile section */

/* Begin PBXContainerItemProxy section */
		F904314D2E75B56500E306FA /* PBXContainerItemProxy */ = {
			isa = PBXContainerItemProxy;
			containerPortal = F90431372E75B56400E306FA /* Project object */;
			proxyType = 1;
			remoteGlobalIDString = F904313E2E75B56400E306FA;
			remoteInfo = GitHubFollowersSwiftUI;
		};
		F90431572E75B56500E306FA /* PBXContainerItemProxy */ = {
			isa = PBXContainerItemProxy;
			containerPortal = F90431372E75B56400E306FA /* Project object */;
			proxyType = 1;
			remoteGlobalIDString = F904313E2E75B56400E306FA;
			remoteInfo = GitHubFollowersSwiftUI;
		};
/* End PBXContainerItemProxy section */

/* Begin PBXFileReference section */
		F904313F2E75B56400E306FA /* GitHubFollowersSwiftUI.app */ = {isa = PBXFileReference; explicitFileType = wrapper.application; includeInIndex = 0; path = GitHubFollowersSwiftUI.app; sourceTree = BUILT_PRODUCTS_DIR; };
		F904314C2E75B56500E306FA /* GitHubFollowersSwiftUITests.xctest */ = {isa = PBXFileReference; explicitFileType = wrapper.cfbundle; includeInIndex = 0; path = GitHubFollowersSwiftUITests.xctest; sourceTree = BUILT_PRODUCTS_DIR; };
		F90431562E75B56500E306FA /* GitHubFollowersSwiftUIUITests.xctest */ = {isa = PBXFileReference; explicitFileType = wrapper.cfbundle; includeInIndex = 0; path = GitHubFollowersSwiftUIUITests.xctest; sourceTree = BUILT_PRODUCTS_DIR; };
		F904316A2E75B76F00E306FA /* Assets.xcassets */ = {isa = PBXFileReference; lastKnownFileType = folder.assetcatalog; path = Assets.xcassets; sourceTree = "<group>"; };
		F904316B2E75B76F00E306FA /* ContentView.swift */ = {isa = PBXFileReference; lastKnownFileType = sourcecode.swift; path = ContentView.swift; sourceTree = "<group>"; };
		F904316C2E75B76F00E306FA /* GitHubFollowersSwiftUIApp.swift */ = {isa = PBXFileReference; lastKnownFileType = sourcecode.swift; path = GitHubFollowersSwiftUIApp.swift; sourceTree = "<group>"; };
		F90431732E75B7C700E306FA /* GFTextField.swift */ = {isa = PBXFileReference; lastKnownFileType = sourcecode.swift; path = GFTextField.swift; sourceTree = "<group>"; };
		F90431752E75B7D800E306FA /* GFButton.swift */ = {isa = PBXFileReference; lastKnownFileType = sourcecode.swift; path = GFButton.swift; sourceTree = "<group>"; };
		F90431772E75B7F700E306FA /* SearchView.swift */ = {isa = PBXFileReference; lastKnownFileType = sourcecode.swift; path = SearchView.swift; sourceTree = "<group>"; };
		F90431792E75B83000E306FA /* FavoritesListView.swift */ = {isa = PBXFileReference; lastKnownFileType = sourcecode.swift; path = FavoritesListView.swift; sourceTree = "<group>"; };
/* End PBXFileReference section */

/* Begin PBXFileSystemSynchronizedRootGroup section */
		F904314F2E75B56500E306FA /* GitHubFollowersSwiftUITests */ = {
			isa = PBXFileSystemSynchronizedRootGroup;
			path = GitHubFollowersSwiftUITests;
			sourceTree = "<group>";
		};
		F90431592E75B56500E306FA /* GitHubFollowersSwiftUIUITests */ = {
			isa = PBXFileSystemSynchronizedRootGroup;
			path = GitHubFollowersSwiftUIUITests;
			sourceTree = "<group>";
		};
/* End PBXFileSystemSynchronizedRootGroup section */

/* Begin PBXFrameworksBuildPhase section */
		F904313C2E75B56400E306FA /* Frameworks */ = {
			isa = PBXFrameworksBuildPhase;
			buildActionMask = 2147483647;
			files = (
			);
			runOnlyForDeploymentPostprocessing = 0;
		};
		F90431492E75B56500E306FA /* Frameworks */ = {
			isa = PBXFrameworksBuildPhase;
			buildActionMask = 2147483647;
			files = (
			);
			runOnlyForDeploymentPostprocessing = 0;
		};
		F90431532E75B56500E306FA /* Frameworks */ = {
			isa = PBXFrameworksBuildPhase;
			buildActionMask = 2147483647;
			files = (
			);
			runOnlyForDeploymentPostprocessing = 0;
		};
/* End PBXFrameworksBuildPhase section */

/* Begin PBXGroup section */
		F90431362E75B56400E306FA = {
			isa = PBXGroup;
			children = (
				F904316D2E75B76F00E306FA /* GitHubFollowersSwiftUI */,
				F904314F2E75B56500E306FA /* GitHubFollowersSwiftUITests */,
				F90431592E75B56500E306FA /* GitHubFollowersSwiftUIUITests */,
				F90431402E75B56400E306FA /* Products */,
			);
			sourceTree = "<group>";
		};
		F90431402E75B56400E306FA /* Products */ = {
			isa = PBXGroup;
			children = (
				F904313F2E75B56400E306FA /* GitHubFollowersSwiftUI.app */,
				F904314C2E75B56500E306FA /* GitHubFollowersSwiftUITests.xctest */,
				F90431562E75B56500E306FA /* GitHubFollowersSwiftUIUITests.xctest */,
			);
			name = Products;
			sourceTree = "<group>";
		};
		F904316D2E75B76F00E306FA /* GitHubFollowersSwiftUI */ = {
			isa = PBXGroup;
			children = (
				F90431722E75B79500E306FA /* Views */,
				F90431712E75B77A00E306FA /* CustomComponents */,
				F904316A2E75B76F00E306FA /* Assets.xcassets */,
				F904316B2E75B76F00E306FA /* ContentView.swift */,
				F904316C2E75B76F00E306FA /* GitHubFollowersSwiftUIApp.swift */,
			);
			path = GitHubFollowersSwiftUI;
			sourceTree = "<group>";
		};
		F90431712E75B77A00E306FA /* CustomComponents */ = {
			isa = PBXGroup;
			children = (
				F90431732E75B7C700E306FA /* GFTextField.swift */,
				F90431752E75B7D800E306FA /* GFButton.swift */,
			);
			path = CustomComponents;
			sourceTree = "<group>";
		};
		F90431722E75B79500E306FA /* Views */ = {
			isa = PBXGroup;
			children = (
				F90431772E75B7F700E306FA /* SearchView.swift */,
				F90431792E75B83000E306FA /* FavoritesListView.swift */,
			);
			path = Views;
			sourceTree = "<group>";
		};
/* End PBXGroup section */

/* Begin PBXNativeTarget section */
		F904313E2E75B56400E306FA /* GitHubFollowersSwiftUI */ = {
			isa = PBXNativeTarget;
			buildConfigurationList = F90431602E75B56500E306FA /* Build configuration list for PBXNativeTarget "GitHubFollowersSwiftUI" */;
			buildPhases = (
				F904313B2E75B56400E306FA /* Sources */,
				F904313C2E75B56400E306FA /* Frameworks */,
				F904313D2E75B56400E306FA /* Resources */,
			);
			buildRules = (
			);
			dependencies = (
			);
			name = GitHubFollowersSwiftUI;
			packageProductDependencies = (
			);
			productName = GitHubFollowersSwiftUI;
			productReference = F904313F2E75B56400E306FA /* GitHubFollowersSwiftUI.app */;
			productType = "com.apple.product-type.application";
		};
		F904314B2E75B56500E306FA /* GitHubFollowersSwiftUITests */ = {
			isa = PBXNativeTarget;
			buildConfigurationList = F90431632E75B56500E306FA /* Build configuration list for PBXNativeTarget "GitHubFollowersSwiftUITests" */;
			buildPhases = (
				F90431482E75B56500E306FA /* Sources */,
				F90431492E75B56500E306FA /* Frameworks */,
				F904314A2E75B56500E306FA /* Resources */,
			);
			buildRules = (
			);
			dependencies = (
				F904314E2E75B56500E306FA /* PBXTargetDependency */,
			);
			fileSystemSynchronizedGroups = (
				F904314F2E75B56500E306FA /* GitHubFollowersSwiftUITests */,
			);
			name = GitHubFollowersSwiftUITests;
			packageProductDependencies = (
			);
			productName = GitHubFollowersSwiftUITests;
			productReference = F904314C2E75B56500E306FA /* GitHubFollowersSwiftUITests.xctest */;
			productType = "com.apple.product-type.bundle.unit-test";
		};
		F90431552E75B56500E306FA /* GitHubFollowersSwiftUIUITests */ = {
			isa = PBXNativeTarget;
			buildConfigurationList = F90431662E75B56500E306FA /* Build configuration list for PBXNativeTarget "GitHubFollowersSwiftUIUITests" */;
			buildPhases = (
				F90431522E75B56500E306FA /* Sources */,
				F90431532E75B56500E306FA /* Frameworks */,
				F90431542E75B56500E306FA /* Resources */,
			);
			buildRules = (
			);
			dependencies = (
				F90431582E75B56500E306FA /* PBXTargetDependency */,
			);
			fileSystemSynchronizedGroups = (
				F90431592E75B56500E306FA /* GitHubFollowersSwiftUIUITests */,
			);
			name = GitHubFollowersSwiftUIUITests;
			packageProductDependencies = (
			);
			productName = GitHubFollowersSwiftUIUITests;
			productReference = F90431562E75B56500E306FA /* GitHubFollowersSwiftUIUITests.xctest */;
			productType = "com.apple.product-type.bundle.ui-testing";
		};
/* End PBXNativeTarget section */

/* Begin PBXProject section */
		F90431372E75B56400E306FA /* Project object */ = {
			isa = PBXProject;
			attributes = {
				BuildIndependentTargetsInParallel = 1;
				LastSwiftUpdateCheck = 1630;
				LastUpgradeCheck = 1630;
				TargetAttributes = {
					F904313E2E75B56400E306FA = {
						CreatedOnToolsVersion = 16.3;
					};
					F904314B2E75B56500E306FA = {
						CreatedOnToolsVersion = 16.3;
						TestTargetID = F904313E2E75B56400E306FA;
					};
					F90431552E75B56500E306FA = {
						CreatedOnToolsVersion = 16.3;
						TestTargetID = F904313E2E75B56400E306FA;
					};
				};
			};
			buildConfigurationList = F904313A2E75B56400E306FA /* Build configuration list for PBXProject "GitHubFollowersSwiftUI" */;
			developmentRegion = en;
			hasScannedForEncodings = 0;
			knownRegions = (
				en,
				Base,
			);
			mainGroup = F90431362E75B56400E306FA;
			minimizedProjectReferenceProxies = 1;
			preferredProjectObjectVersion = 77;
			productRefGroup = F90431402E75B56400E306FA /* Products */;
			projectDirPath = "";
			projectRoot = "";
			targets = (
				F904313E2E75B56400E306FA /* GitHubFollowersSwiftUI */,
				F904314B2E75B56500E306FA /* GitHubFollowersSwiftUITests */,
				F90431552E75B56500E306FA /* GitHubFollowersSwiftUIUITests */,
			);
		};
/* End PBXProject section */

/* Begin PBXResourcesBuildPhase section */
		F904313D2E75B56400E306FA /* Resources */ = {
			isa = PBXResourcesBuildPhase;
			buildActionMask = 2147483647;
			files = (
				F90431702E75B76F00E306FA /* Assets.xcassets in Resources */,
			);
			runOnlyForDeploymentPostprocessing = 0;
		};
		F904314A2E75B56500E306FA /* Resources */ = {
			isa = PBXResourcesBuildPhase;
			buildActionMask = 2147483647;
			files = (
			);
			runOnlyForDeploymentPostprocessing = 0;
		};
		F90431542E75B56500E306FA /* Resources */ = {
			isa = PBXResourcesBuildPhase;
			buildActionMask = 2147483647;
			files = (
			);
			runOnlyForDeploymentPostprocessing = 0;
		};
/* End PBXResourcesBuildPhase section */

/* Begin PBXSourcesBuildPhase section */
		F904313B2E75B56400E306FA /* Sources */ = {
			isa = PBXSourcesBuildPhase;
			buildActionMask = 2147483647;
			files = (
				F90431782E75B7F700E306FA /* SearchView.swift in Sources */,
				F90431742E75B7C700E306FA /* GFTextField.swift in Sources */,
				F904317A2E75B83000E306FA /* FavoritesListView.swift in Sources */,
				F904316E2E75B76F00E306FA /* ContentView.swift in Sources */,
				F90431762E75B7D800E306FA /* GFButton.swift in Sources */,
				F904316F2E75B76F00E306FA /* GitHubFollowersSwiftUIApp.swift in Sources */,
			);
			runOnlyForDeploymentPostprocessing = 0;
		};
		F90431482E75B56500E306FA /* Sources */ = {
			isa = PBXSourcesBuildPhase;
			buildActionMask = 2147483647;
			files = (
			);
			runOnlyForDeploymentPostprocessing = 0;
		};
		F90431522E75B56500E306FA /* Sources */ = {
			isa = PBXSourcesBuildPhase;
			buildActionMask = 2147483647;
			files = (
			);
			runOnlyForDeploymentPostprocessing = 0;
		};
/* End PBXSourcesBuildPhase section */

/* Begin PBXTargetDependency section */
		F904314E2E75B56500E306FA /* PBXTargetDependency */ = {
			isa = PBXTargetDependency;
			target = F904313E2E75B56400E306FA /* GitHubFollowersSwiftUI */;
			targetProxy = F904314D2E75B56500E306FA /* PBXContainerItemProxy */;
		};
		F90431582E75B56500E306FA /* PBXTargetDependency */ = {
			isa = PBXTargetDependency;
			target = F904313E2E75B56400E306FA /* GitHubFollowersSwiftUI */;
			targetProxy = F90431572E75B56500E306FA /* PBXContainerItemProxy */;
		};
/* End PBXTargetDependency section */

/* Begin XCBuildConfiguration section */
		F904315E2E75B56500E306FA /* Debug */ = {
			isa = XCBuildConfiguration;
			buildSettings = {
				ALWAYS_SEARCH_USER_PATHS = NO;
				ASSETCATALOG_COMPILER_GENERATE_SWIFT_ASSET_SYMBOL_EXTENSIONS = YES;
				CLANG_ANALYZER_NONNULL = YES;
				CLANG_ANALYZER_NUMBER_OBJECT_CONVERSION = YES_AGGRESSIVE;
				CLANG_CXX_LANGUAGE_STANDARD = "gnu++20";
				CLANG_ENABLE_MODULES = YES;
				CLANG_ENABLE_OBJC_ARC = YES;
				CLANG_ENABLE_OBJC_WEAK = YES;
				CLANG_WARN_BLOCK_CAPTURE_AUTORELEASING = YES;
				CLANG_WARN_BOOL_CONVERSION = YES;
				CLANG_WARN_COMMA = YES;
				CLANG_WARN_CONSTANT_CONVERSION = YES;
				CLANG_WARN_DEPRECATED_OBJC_IMPLEMENTATIONS = YES;
				CLANG_WARN_DIRECT_OBJC_ISA_USAGE = YES_ERROR;
				CLANG_WARN_DOCUMENTATION_COMMENTS = YES;
				CLANG_WARN_EMPTY_BODY = YES;
				CLANG_WARN_ENUM_CONVERSION = YES;
				CLANG_WARN_INFINITE_RECURSION = YES;
				CLANG_WARN_INT_CONVERSION = YES;
				CLANG_WARN_NON_LITERAL_NULL_CONVERSION = YES;
				CLANG_WARN_OBJC_IMPLICIT_RETAIN_SELF = YES;
				CLANG_WARN_OBJC_LITERAL_CONVERSION = YES;
				CLANG_WARN_OBJC_ROOT_CLASS = YES_ERROR;
				CLANG_WARN_QUOTED_INCLUDE_IN_FRAMEWORK_HEADER = YES;
				CLANG_WARN_RANGE_LOOP_ANALYSIS = YES;
				CLANG_WARN_STRICT_PROTOTYPES = YES;
				CLANG_WARN_SUSPICIOUS_MOVE = YES;
				CLANG_WARN_UNGUARDED_AVAILABILITY = YES_AGGRESSIVE;
				CLANG_WARN_UNREACHABLE_CODE = YES;
				CLANG_WARN__DUPLICATE_METHOD_MATCH = YES;
				COPY_PHASE_STRIP = NO;
				DEBUG_INFORMATION_FORMAT = dwarf;
				ENABLE_STRICT_OBJC_MSGSEND = YES;
				ENABLE_TESTABILITY = YES;
				ENABLE_USER_SCRIPT_SANDBOXING = YES;
				GCC_C_LANGUAGE_STANDARD = gnu17;
				GCC_DYNAMIC_NO_PIC = NO;
				GCC_NO_COMMON_BLOCKS = YES;
				GCC_OPTIMIZATION_LEVEL = 0;
				GCC_PREPROCESSOR_DEFINITIONS = (
					"DEBUG=1",
					"$(inherited)",
				);
				GCC_WARN_64_TO_32_BIT_CONVERSION = YES;
				GCC_WARN_ABOUT_RETURN_TYPE = YES_ERROR;
				GCC_WARN_UNDECLARED_SELECTOR = YES;
				GCC_WARN_UNINITIALIZED_AUTOS = YES_AGGRESSIVE;
				GCC_WARN_UNUSED_FUNCTION = YES;
				GCC_WARN_UNUSED_VARIABLE = YES;
				IPHONEOS_DEPLOYMENT_TARGET = 18.4;
				LOCALIZATION_PREFERS_STRING_CATALOGS = YES;
				MTL_ENABLE_DEBUG_INFO = INCLUDE_SOURCE;
				MTL_FAST_MATH = YES;
				ONLY_ACTIVE_ARCH = YES;
				SDKROOT = iphoneos;
				SWIFT_ACTIVE_COMPILATION_CONDITIONS = "DEBUG $(inherited)";
				SWIFT_OPTIMIZATION_LEVEL = "-Onone";
			};
			name = Debug;
		};
		F904315F2E75B56500E306FA /* Release */ = {
			isa = XCBuildConfiguration;
			buildSettings = {
				ALWAYS_SEARCH_USER_PATHS = NO;
				ASSETCATALOG_COMPILER_GENERATE_SWIFT_ASSET_SYMBOL_EXTENSIONS = YES;
				CLANG_ANALYZER_NONNULL = YES;
				CLANG_ANALYZER_NUMBER_OBJECT_CONVERSION = YES_AGGRESSIVE;
				CLANG_CXX_LANGUAGE_STANDARD = "gnu++20";
				CLANG_ENABLE_MODULES = YES;
				CLANG_ENABLE_OBJC_ARC = YES;
				CLANG_ENABLE_OBJC_WEAK = YES;
				CLANG_WARN_BLOCK_CAPTURE_AUTORELEASING = YES;
				CLANG_WARN_BOOL_CONVERSION = YES;
				CLANG_WARN_COMMA = YES;
				CLANG_WARN_CONSTANT_CONVERSION = YES;
				CLANG_WARN_DEPRECATED_OBJC_IMPLEMENTATIONS = YES;
				CLANG_WARN_DIRECT_OBJC_ISA_USAGE = YES_ERROR;
				CLANG_WARN_DOCUMENTATION_COMMENTS = YES;
				CLANG_WARN_EMPTY_BODY = YES;
				CLANG_WARN_ENUM_CONVERSION = YES;
				CLANG_WARN_INFINITE_RECURSION = YES;
				CLANG_WARN_INT_CONVERSION = YES;
				CLANG_WARN_NON_LITERAL_NULL_CONVERSION = YES;
				CLANG_WARN_OBJC_IMPLICIT_RETAIN_SELF = YES;
				CLANG_WARN_OBJC_LITERAL_CONVERSION = YES;
				CLANG_WARN_OBJC_ROOT_CLASS = YES_ERROR;
				CLANG_WARN_QUOTED_INCLUDE_IN_FRAMEWORK_HEADER = YES;
				CLANG_WARN_RANGE_LOOP_ANALYSIS = YES;
				CLANG_WARN_STRICT_PROTOTYPES = YES;
				CLANG_WARN_SUSPICIOUS_MOVE = YES;
				CLANG_WARN_UNGUARDED_AVAILABILITY = YES_AGGRESSIVE;
				CLANG_WARN_UNREACHABLE_CODE = YES;
				CLANG_WARN__DUPLICATE_METHOD_MATCH = YES;
				COPY_PHASE_STRIP = NO;
				DEBUG_INFORMATION_FORMAT = "dwarf-with-dsym";
				ENABLE_NS_ASSERTIONS = NO;
				ENABLE_STRICT_OBJC_MSGSEND = YES;
				ENABLE_USER_SCRIPT_SANDBOXING = YES;
				GCC_C_LANGUAGE_STANDARD = gnu17;
				GCC_NO_COMMON_BLOCKS = YES;
				GCC_WARN_64_TO_32_BIT_CONVERSION = YES;
				GCC_WARN_ABOUT_RETURN_TYPE = YES_ERROR;
				GCC_WARN_UNDECLARED_SELECTOR = YES;
				GCC_WARN_UNINITIALIZED_AUTOS = YES_AGGRESSIVE;
				GCC_WARN_UNUSED_FUNCTION = YES;
				GCC_WARN_UNUSED_VARIABLE = YES;
				IPHONEOS_DEPLOYMENT_TARGET = 18.4;
				LOCALIZATION_PREFERS_STRING_CATALOGS = YES;
				MTL_ENABLE_DEBUG_INFO = NO;
				MTL_FAST_MATH = YES;
				SDKROOT = iphoneos;
				SWIFT_COMPILATION_MODE = wholemodule;
				VALIDATE_PRODUCT = YES;
			};
			name = Release;
		};
		F90431612E75B56500E306FA /* Debug */ = {
			isa = XCBuildConfiguration;
			buildSettings = {
				ASSETCATALOG_COMPILER_APPICON_NAME = AppIcon;
				ASSETCATALOG_COMPILER_GLOBAL_ACCENT_COLOR_NAME = AccentColor;
				CODE_SIGN_STYLE = Automatic;
				CURRENT_PROJECT_VERSION = 1;
				ENABLE_PREVIEWS = YES;
				GENERATE_INFOPLIST_FILE = YES;
				INFOPLIST_KEY_UIApplicationSceneManifest_Generation = YES;
				INFOPLIST_KEY_UIApplicationSupportsIndirectInputEvents = YES;
				INFOPLIST_KEY_UILaunchScreen_Generation = YES;
				INFOPLIST_KEY_UISupportedInterfaceOrientations_iPad = "UIInterfaceOrientationPortrait UIInterfaceOrientationPortraitUpsideDown UIInterfaceOrientationLandscapeLeft UIInterfaceOrientationLandscapeRight";
				INFOPLIST_KEY_UISupportedInterfaceOrientations_iPhone = "UIInterfaceOrientationPortrait UIInterfaceOrientationLandscapeLeft UIInterfaceOrientationLandscapeRight";
				LD_RUNPATH_SEARCH_PATHS = (
					"$(inherited)",
					"@executable_path/Frameworks",
				);
				MARKETING_VERSION = 1.0;
				PRODUCT_BUNDLE_IDENTIFIER = com.GitHubFollowersSwiftUI;
				PRODUCT_NAME = "$(TARGET_NAME)";
				SWIFT_EMIT_LOC_STRINGS = YES;
				SWIFT_VERSION = 5.0;
				TARGETED_DEVICE_FAMILY = "1,2";
			};
			name = Debug;
		};
		F90431622E75B56500E306FA /* Release */ = {
			isa = XCBuildConfiguration;
			buildSettings = {
				ASSETCATALOG_COMPILER_APPICON_NAME = AppIcon;
				ASSETCATALOG_COMPILER_GLOBAL_ACCENT_COLOR_NAME = AccentColor;
				CODE_SIGN_STYLE = Automatic;
				CURRENT_PROJECT_VERSION = 1;
				ENABLE_PREVIEWS = YES;
				GENERATE_INFOPLIST_FILE = YES;
				INFOPLIST_KEY_UIApplicationSceneManifest_Generation = YES;
				INFOPLIST_KEY_UIApplicationSupportsIndirectInputEvents = YES;
				INFOPLIST_KEY_UILaunchScreen_Generation = YES;
				INFOPLIST_KEY_UISupportedInterfaceOrientations_iPad = "UIInterfaceOrientationPortrait UIInterfaceOrientationPortraitUpsideDown UIInterfaceOrientationLandscapeLeft UIInterfaceOrientationLandscapeRight";
				INFOPLIST_KEY_UISupportedInterfaceOrientations_iPhone = "UIInterfaceOrientationPortrait UIInterfaceOrientationLandscapeLeft UIInterfaceOrientationLandscapeRight";
				LD_RUNPATH_SEARCH_PATHS = (
					"$(inherited)",
					"@executable_path/Frameworks",
				);
				MARKETING_VERSION = 1.0;
				PRODUCT_BUNDLE_IDENTIFIER = com.GitHubFollowersSwiftUI;
				PRODUCT_NAME = "$(TARGET_NAME)";
				SWIFT_EMIT_LOC_STRINGS = YES;
				SWIFT_VERSION = 5.0;
				TARGETED_DEVICE_FAMILY = "1,2";
			};
			name = Release;
		};
		F90431642E75B56500E306FA /* Debug */ = {
			isa = XCBuildConfiguration;
			buildSettings = {
				BUNDLE_LOADER = "$(TEST_HOST)";
				CODE_SIGN_STYLE = Automatic;
				CURRENT_PROJECT_VERSION = 1;
				GENERATE_INFOPLIST_FILE = YES;
				IPHONEOS_DEPLOYMENT_TARGET = 18.4;
				MARKETING_VERSION = 1.0;
				PRODUCT_BUNDLE_IDENTIFIER = com.GitHubFollowersSwiftUITests;
				PRODUCT_NAME = "$(TARGET_NAME)";
				SWIFT_EMIT_LOC_STRINGS = NO;
				SWIFT_VERSION = 5.0;
				TARGETED_DEVICE_FAMILY = "1,2";
				TEST_HOST = "$(BUILT_PRODUCTS_DIR)/GitHubFollowersSwiftUI.app/$(BUNDLE_EXECUTABLE_FOLDER_PATH)/GitHubFollowersSwiftUI";
			};
			name = Debug;
		};
		F90431652E75B56500E306FA /* Release */ = {
			isa = XCBuildConfiguration;
			buildSettings = {
				BUNDLE_LOADER = "$(TEST_HOST)";
				CODE_SIGN_STYLE = Automatic;
				CURRENT_PROJECT_VERSION = 1;
				GENERATE_INFOPLIST_FILE = YES;
				IPHONEOS_DEPLOYMENT_TARGET = 18.4;
				MARKETING_VERSION = 1.0;
				PRODUCT_BUNDLE_IDENTIFIER = com.GitHubFollowersSwiftUITests;
				PRODUCT_NAME = "$(TARGET_NAME)";
				SWIFT_EMIT_LOC_STRINGS = NO;
				SWIFT_VERSION = 5.0;
				TARGETED_DEVICE_FAMILY = "1,2";
				TEST_HOST = "$(BUILT_PRODUCTS_DIR)/GitHubFollowersSwiftUI.app/$(BUNDLE_EXECUTABLE_FOLDER_PATH)/GitHubFollowersSwiftUI";
			};
			name = Release;
		};
		F90431672E75B56500E306FA /* Debug */ = {
			isa = XCBuildConfiguration;
			buildSettings = {
				CODE_SIGN_STYLE = Automatic;
				CURRENT_PROJECT_VERSION = 1;
				GENERATE_INFOPLIST_FILE = YES;
				MARKETING_VERSION = 1.0;
				PRODUCT_BUNDLE_IDENTIFIER = com.GitHubFollowersSwiftUIUITests;
				PRODUCT_NAME = "$(TARGET_NAME)";
				SWIFT_EMIT_LOC_STRINGS = NO;
				SWIFT_VERSION = 5.0;
				TARGETED_DEVICE_FAMILY = "1,2";
				TEST_TARGET_NAME = GitHubFollowersSwiftUI;
			};
			name = Debug;
		};
		F90431682E75B56500E306FA /* Release */ = {
			isa = XCBuildConfiguration;
			buildSettings = {
				CODE_SIGN_STYLE = Automatic;
				CURRENT_PROJECT_VERSION = 1;
				GENERATE_INFOPLIST_FILE = YES;
				MARKETING_VERSION = 1.0;
				PRODUCT_BUNDLE_IDENTIFIER = com.GitHubFollowersSwiftUIUITests;
				PRODUCT_NAME = "$(TARGET_NAME)";
				SWIFT_EMIT_LOC_STRINGS = NO;
				SWIFT_VERSION = 5.0;
				TARGETED_DEVICE_FAMILY = "1,2";
				TEST_TARGET_NAME = GitHubFollowersSwiftUI;
			};
			name = Release;
		};
/* End XCBuildConfiguration section */

/* Begin XCConfigurationList section */
		F904313A2E75B56400E306FA /* Build configuration list for PBXProject "GitHubFollowersSwiftUI" */ = {
			isa = XCConfigurationList;
			buildConfigurations = (
				F904315E2E75B56500E306FA /* Debug */,
				F904315F2E75B56500E306FA /* Release */,
			);
			defaultConfigurationIsVisible = 0;
			defaultConfigurationName = Release;
		};
		F90431602E75B56500E306FA /* Build configuration list for PBXNativeTarget "GitHubFollowersSwiftUI" */ = {
			isa = XCConfigurationList;
			buildConfigurations = (
				F90431612E75B56500E306FA /* Debug */,
				F90431622E75B56500E306FA /* Release */,
			);
			defaultConfigurationIsVisible = 0;
			defaultConfigurationName = Release;
		};
		F90431632E75B56500E306FA /* Build configuration list for PBXNativeTarget "GitHubFollowersSwiftUITests" */ = {
			isa = XCConfigurationList;
			buildConfigurations = (
				F90431642E75B56500E306FA /* Debug */,
				F90431652E75B56500E306FA /* Release */,
			);
			defaultConfigurationIsVisible = 0;
			defaultConfigurationName = Release;
		};
		F90431662E75B56500E306FA /* Build configuration list for PBXNativeTarget "GitHubFollowersSwiftUIUITests" */ = {
			isa = XCConfigurationList;
			buildConfigurations = (
				F90431672E75B56500E306FA /* Debug */,
				F90431682E75B56500E306FA /* Release */,
			);
			defaultConfigurationIsVisible = 0;
			defaultConfigurationName = Release;
		};
/* End XCConfigurationList section */
	};
	rootObject = F90431372E75B56400E306FA /* Project object */;
}
