// !$*UTF8*$!
{
	archiveVersion = 1;
	classes = {
	};
	objectVersion = 77;
	objects = {

/* Begin PBXBuildFile section */
		F904311F2E75760800E306FA /* AppDelegate.swift in Sources */ = {isa = PBXBuildFile; fileRef = F90431182E75760800E306FA /* AppDelegate.swift */; };
		F90431202E75760800E306FA /* SceneDelegate.swift in Sources */ = {isa = PBXBuildFile; fileRef = F904311D2E75760800E306FA /* SceneDelegate.swift */; };
		F90431212E75760800E306FA /* Assets.xcassets in Resources */ = {isa = PBXBuildFile; fileRef = F90431192E75760800E306FA /* Assets.xcassets */; };
		F90431232E75760800E306FA /* LaunchScreen.storyboard in Resources */ = {isa = PBXBuildFile; fileRef = F904311C2E75760800E306FA /* LaunchScreen.storyboard */; };
		F90431262E75765700E306FA /* SeachVC.swift in Sources */ = {isa = PBXBuildFile; fileRef = F90431252E75765700E306FA /* SeachVC.swift */; };
		F90431282E7576E600E306FA /* FavoritesListVC.swift in Sources */ = {isa = PBXBuildFile; fileRef = F90431272E7576CC00E306FA /* FavoritesListVC.swift */; };
		F904312D2E757EF100E306FA /* GFButton.swift in Sources */ = {isa = PBXBuildFile; fileRef = F904312C2E757EF100E306FA /* GFButton.swift */; };
		F904312F2E75841500E306FA /* GFTextField.swift in Sources */ = {isa = PBXBuildFile; fileRef = F904312E2E75841500E306FA /* GFTextField.swift */; };
		F9315AFF2E769810008A24B7 /* FollowerListVC.swift in Sources */ = {isa = PBXBuildFile; fileRef = F9315AFE2E7697FC008A24B7 /* FollowerListVC.swift */; };
		F9315B012E76A170008A24B7 /* GFTitleLabel.swift in Sources */ = {isa = PBXBuildFile; fileRef = F9315B002E76A15A008A24B7 /* GFTitleLabel.swift */; };
		F9315B032E76A3A1008A24B7 /* GFBodyLabel.swift in Sources */ = {isa = PBXBuildFile; fileRef = F9315B022E76A383008A24B7 /* GFBodyLabel.swift */; };
		F9ACCE332E78776E00A3576F /* GFAlertVC.swift in Sources */ = {isa = PBXBuildFile; fileRef = F9ACCE322E78774D00A3576F /* GFAlertVC.swift */; };
		F9ACCE362E78824D00A3576F /* UIViewController + Extension.swift in Sources */ = {isa = PBXBuildFile; fileRef = F9ACCE352E78823900A3576F /* UIViewController + Extension.swift */; };
/* End PBXBuildFile section */

/* Begin PBXContainerItemProxy section */
		F90430FB2E755E6800E306FA /* PBXContainerItemProxy */ = {
			isa = PBXContainerItemProxy;
			containerPortal = F90430DC2E755E6600E306FA /* Project object */;
			proxyType = 1;
			remoteGlobalIDString = F90430E32E755E6600E306FA;
			remoteInfo = GitHubFollowers;
		};
		F90431052E755E6800E306FA /* PBXContainerItemProxy */ = {
			isa = PBXContainerItemProxy;
			containerPortal = F90430DC2E755E6600E306FA /* Project object */;
			proxyType = 1;
			remoteGlobalIDString = F90430E32E755E6600E306FA;
			remoteInfo = GitHubFollowers;
		};
/* End PBXContainerItemProxy section */

/* Begin PBXFileReference section */
		F90430E42E755E6600E306FA /* GitHubFollowers.app */ = {isa = PBXFileReference; explicitFileType = wrapper.application; includeInIndex = 0; path = GitHubFollowers.app; sourceTree = BUILT_PRODUCTS_DIR; };
		F90430FA2E755E6800E306FA /* GitHubFollowersTests.xctest */ = {isa = PBXFileReference; explicitFileType = wrapper.cfbundle; includeInIndex = 0; path = GitHubFollowersTests.xctest; sourceTree = BUILT_PRODUCTS_DIR; };
		F90431042E755E6800E306FA /* GitHubFollowersUITests.xctest */ = {isa = PBXFileReference; explicitFileType = wrapper.cfbundle; includeInIndex = 0; path = GitHubFollowersUITests.xctest; sourceTree = BUILT_PRODUCTS_DIR; };
		F90431182E75760800E306FA /* AppDelegate.swift */ = {isa = PBXFileReference; lastKnownFileType = sourcecode.swift; path = AppDelegate.swift; sourceTree = "<group>"; };
		F90431192E75760800E306FA /* Assets.xcassets */ = {isa = PBXFileReference; lastKnownFileType = folder.assetcatalog; path = Assets.xcassets; sourceTree = "<group>"; };
		F904311A2E75760800E306FA /* Info.plist */ = {isa = PBXFileReference; lastKnownFileType = text.plist.xml; path = Info.plist; sourceTree = "<group>"; };
		F904311B2E75760800E306FA /* Base */ = {isa = PBXFileReference; lastKnownFileType = file.storyboard; name = Base; path = Base.lproj/LaunchScreen.storyboard; sourceTree = "<group>"; };
		F904311D2E75760800E306FA /* SceneDelegate.swift */ = {isa = PBXFileReference; lastKnownFileType = sourcecode.swift; path = SceneDelegate.swift; sourceTree = "<group>"; };
		F90431252E75765700E306FA /* SeachVC.swift */ = {isa = PBXFileReference; lastKnownFileType = sourcecode.swift; path = SeachVC.swift; sourceTree = "<group>"; };
		F90431272E7576CC00E306FA /* FavoritesListVC.swift */ = {isa = PBXFileReference; lastKnownFileType = sourcecode.swift; path = FavoritesListVC.swift; sourceTree = "<group>"; };
		F904312C2E757EF100E306FA /* GFButton.swift */ = {isa = PBXFileReference; lastKnownFileType = sourcecode.swift; path = GFButton.swift; sourceTree = "<group>"; };
		F904312E2E75841500E306FA /* GFTextField.swift */ = {isa = PBXFileReference; lastKnownFileType = sourcecode.swift; path = GFTextField.swift; sourceTree = "<group>"; };
		F9315AFE2E7697FC008A24B7 /* FollowerListVC.swift */ = {isa = PBXFileReference; lastKnownFileType = sourcecode.swift; path = FollowerListVC.swift; sourceTree = "<group>"; };
		F9315B002E76A15A008A24B7 /* GFTitleLabel.swift */ = {isa = PBXFileReference; lastKnownFileType = sourcecode.swift; path = GFTitleLabel.swift; sourceTree = "<group>"; };
		F9315B022E76A383008A24B7 /* GFBodyLabel.swift */ = {isa = PBXFileReference; lastKnownFileType = sourcecode.swift; path = GFBodyLabel.swift; sourceTree = "<group>"; };
		F9ACCE322E78774D00A3576F /* GFAlertVC.swift */ = {isa = PBXFileReference; lastKnownFileType = sourcecode.swift; path = GFAlertVC.swift; sourceTree = "<group>"; };
		F9ACCE352E78823900A3576F /* UIViewController + Extension.swift */ = {isa = PBXFileReference; lastKnownFileType = sourcecode.swift; path = "UIViewController + Extension.swift"; sourceTree = "<group>"; };
/* End PBXFileReference section */

/* Begin PBXFileSystemSynchronizedRootGroup section */
		F90430FD2E755E6800E306FA /* GitHubFollowersTests */ = {
			isa = PBXFileSystemSynchronizedRootGroup;
			path = GitHubFollowersTests;
			sourceTree = "<group>";
		};
		F90431072E755E6800E306FA /* GitHubFollowersUITests */ = {
			isa = PBXFileSystemSynchronizedRootGroup;
			path = GitHubFollowersUITests;
			sourceTree = "<group>";
		};
/* End PBXFileSystemSynchronizedRootGroup section */

/* Begin PBXFrameworksBuildPhase section */
		F90430E12E755E6600E306FA /* Frameworks */ = {
			isa = PBXFrameworksBuildPhase;
			buildActionMask = 2147483647;
			files = (
			);
			runOnlyForDeploymentPostprocessing = 0;
		};
		F90430F72E755E6800E306FA /* Frameworks */ = {
			isa = PBXFrameworksBuildPhase;
			buildActionMask = 2147483647;
			files = (
			);
			runOnlyForDeploymentPostprocessing = 0;
		};
		F90431012E755E6800E306FA /* Frameworks */ = {
			isa = PBXFrameworksBuildPhase;
			buildActionMask = 2147483647;
			files = (
			);
			runOnlyForDeploymentPostprocessing = 0;
		};
/* End PBXFrameworksBuildPhase section */

/* Begin PBXGroup section */
		F90430DB2E755E6600E306FA = {
			isa = PBXGroup;
			children = (
				F904311E2E75760800E306FA /* GitHubFollowers */,
				F90430FD2E755E6800E306FA /* GitHubFollowersTests */,
				F90431072E755E6800E306FA /* GitHubFollowersUITests */,
				F90430E52E755E6600E306FA /* Products */,
			);
			sourceTree = "<group>";
		};
		F90430E52E755E6600E306FA /* Products */ = {
			isa = PBXGroup;
			children = (
				F90430E42E755E6600E306FA /* GitHubFollowers.app */,
				F90430FA2E755E6800E306FA /* GitHubFollowersTests.xctest */,
				F90431042E755E6800E306FA /* GitHubFollowersUITests.xctest */,
			);
			name = Products;
			sourceTree = "<group>";
		};
		F904311E2E75760800E306FA /* GitHubFollowers */ = {
			isa = PBXGroup;
			children = (
				F9ACCE342E78823100A3576F /* Extension */,
				F90431292E757EC000E306FA /* CustomComponents */,
				F90431242E75761500E306FA /* ViewControllers */,
				F90431182E75760800E306FA /* AppDelegate.swift */,
				F90431192E75760800E306FA /* Assets.xcassets */,
				F904311A2E75760800E306FA /* Info.plist */,
				F904311C2E75760800E306FA /* LaunchScreen.storyboard */,
				F904311D2E75760800E306FA /* SceneDelegate.swift */,
			);
			path = GitHubFollowers;
			sourceTree = "<group>";
		};
		F90431242E75761500E306FA /* ViewControllers */ = {
			isa = PBXGroup;
			children = (
				F9ACCE322E78774D00A3576F /* GFAlertVC.swift */,
				F9315AFE2E7697FC008A24B7 /* FollowerListVC.swift */,
				F90431272E7576CC00E306FA /* FavoritesListVC.swift */,
				F90431252E75765700E306FA /* SeachVC.swift */,
			);
			path = ViewControllers;
			sourceTree = "<group>";
		};
		F90431292E757EC000E306FA /* CustomComponents */ = {
			isa = PBXGroup;
			children = (
				F9315B022E76A383008A24B7 /* GFBodyLabel.swift */,
				F9315B002E76A15A008A24B7 /* GFTitleLabel.swift */,
				F904312C2E757EF100E306FA /* GFButton.swift */,
				F904312E2E75841500E306FA /* GFTextField.swift */,
			);
			path = CustomComponents;
			sourceTree = "<group>";
		};
		F9ACCE342E78823100A3576F /* Extension */ = {
			isa = PBXGroup;
			children = (
				F9ACCE352E78823900A3576F /* UIViewController + Extension.swift */,
			);
			path = Extension;
			sourceTree = "<group>";
		};
/* End PBXGroup section */

/* Begin PBXNativeTarget section */
		F90430E32E755E6600E306FA /* GitHubFollowers */ = {
			isa = PBXNativeTarget;
			buildConfigurationList = F904310D2E755E6800E306FA /* Build configuration list for PBXNativeTarget "GitHubFollowers" */;
			buildPhases = (
				F90430E02E755E6600E306FA /* Sources */,
				F90430E12E755E6600E306FA /* Frameworks */,
				F90430E22E755E6600E306FA /* Resources */,
			);
			buildRules = (
			);
			dependencies = (
			);
			name = GitHubFollowers;
			packageProductDependencies = (
			);
			productName = GitHubFollowers;
			productReference = F90430E42E755E6600E306FA /* GitHubFollowers.app */;
			productType = "com.apple.product-type.application";
		};
		F90430F92E755E6800E306FA /* GitHubFollowersTests */ = {
			isa = PBXNativeTarget;
			buildConfigurationList = F90431122E755E6800E306FA /* Build configuration list for PBXNativeTarget "GitHubFollowersTests" */;
			buildPhases = (
				F90430F62E755E6800E306FA /* Sources */,
				F90430F72E755E6800E306FA /* Frameworks */,
				F90430F82E755E6800E306FA /* Resources */,
			);
			buildRules = (
			);
			dependencies = (
				F90430FC2E755E6800E306FA /* PBXTargetDependency */,
			);
			fileSystemSynchronizedGroups = (
				F90430FD2E755E6800E306FA /* GitHubFollowersTests */,
			);
			name = GitHubFollowersTests;
			packageProductDependencies = (
			);
			productName = GitHubFollowersTests;
			productReference = F90430FA2E755E6800E306FA /* GitHubFollowersTests.xctest */;
			productType = "com.apple.product-type.bundle.unit-test";
		};
		F90431032E755E6800E306FA /* GitHubFollowersUITests */ = {
			isa = PBXNativeTarget;
			buildConfigurationList = F90431152E755E6800E306FA /* Build configuration list for PBXNativeTarget "GitHubFollowersUITests" */;
			buildPhases = (
				F90431002E755E6800E306FA /* Sources */,
				F90431012E755E6800E306FA /* Frameworks */,
				F90431022E755E6800E306FA /* Resources */,
			);
			buildRules = (
			);
			dependencies = (
				F90431062E755E6800E306FA /* PBXTargetDependency */,
			);
			fileSystemSynchronizedGroups = (
				F90431072E755E6800E306FA /* GitHubFollowersUITests */,
			);
			name = GitHubFollowersUITests;
			packageProductDependencies = (
			);
			productName = GitHubFollowersUITests;
			productReference = F90431042E755E6800E306FA /* GitHubFollowersUITests.xctest */;
			productType = "com.apple.product-type.bundle.ui-testing";
		};
/* End PBXNativeTarget section */

/* Begin PBXProject section */
		F90430DC2E755E6600E306FA /* Project object */ = {
			isa = PBXProject;
			attributes = {
				BuildIndependentTargetsInParallel = 1;
				LastSwiftUpdateCheck = 1630;
				LastUpgradeCheck = 1630;
				TargetAttributes = {
					F90430E32E755E6600E306FA = {
						CreatedOnToolsVersion = 16.3;
					};
					F90430F92E755E6800E306FA = {
						CreatedOnToolsVersion = 16.3;
						TestTargetID = F90430E32E755E6600E306FA;
					};
					F90431032E755E6800E306FA = {
						CreatedOnToolsVersion = 16.3;
						TestTargetID = F90430E32E755E6600E306FA;
					};
				};
			};
			buildConfigurationList = F90430DF2E755E6600E306FA /* Build configuration list for PBXProject "GitHubFollowers" */;
			developmentRegion = en;
			hasScannedForEncodings = 0;
			knownRegions = (
				en,
				Base,
			);
			mainGroup = F90430DB2E755E6600E306FA;
			minimizedProjectReferenceProxies = 1;
			preferredProjectObjectVersion = 77;
			productRefGroup = F90430E52E755E6600E306FA /* Products */;
			projectDirPath = "";
			projectRoot = "";
			targets = (
				F90430E32E755E6600E306FA /* GitHubFollowers */,
				F90430F92E755E6800E306FA /* GitHubFollowersTests */,
				F90431032E755E6800E306FA /* GitHubFollowersUITests */,
			);
		};
/* End PBXProject section */

/* Begin PBXResourcesBuildPhase section */
		F90430E22E755E6600E306FA /* Resources */ = {
			isa = PBXResourcesBuildPhase;
			buildActionMask = 2147483647;
			files = (
				F90431212E75760800E306FA /* Assets.xcassets in Resources */,
				F90431232E75760800E306FA /* LaunchScreen.storyboard in Resources */,
			);
			runOnlyForDeploymentPostprocessing = 0;
		};
		F90430F82E755E6800E306FA /* Resources */ = {
			isa = PBXResourcesBuildPhase;
			buildActionMask = 2147483647;
			files = (
			);
			runOnlyForDeploymentPostprocessing = 0;
		};
		F90431022E755E6800E306FA /* Resources */ = {
			isa = PBXResourcesBuildPhase;
			buildActionMask = 2147483647;
			files = (
			);
			runOnlyForDeploymentPostprocessing = 0;
		};
/* End PBXResourcesBuildPhase section */

/* Begin PBXSourcesBuildPhase section */
		F90430E02E755E6600E306FA /* Sources */ = {
			isa = PBXSourcesBuildPhase;
			buildActionMask = 2147483647;
			files = (
				F9ACCE362E78824D00A3576F /* UIViewController + Extension.swift in Sources */,
				F904312F2E75841500E306FA /* GFTextField.swift in Sources */,
				F90431282E7576E600E306FA /* FavoritesListVC.swift in Sources */,
				F904312D2E757EF100E306FA /* GFButton.swift in Sources */,
				F90431262E75765700E306FA /* SeachVC.swift in Sources */,
				F9ACCE332E78776E00A3576F /* GFAlertVC.swift in Sources */,
				F9315B032E76A3A1008A24B7 /* GFBodyLabel.swift in Sources */,
				F9315B012E76A170008A24B7 /* GFTitleLabel.swift in Sources */,
				F9315AFF2E769810008A24B7 /* FollowerListVC.swift in Sources */,
				F904311F2E75760800E306FA /* AppDelegate.swift in Sources */,
				F90431202E75760800E306FA /* SceneDelegate.swift in Sources */,
			);
			runOnlyForDeploymentPostprocessing = 0;
		};
		F90430F62E755E6800E306FA /* Sources */ = {
			isa = PBXSourcesBuildPhase;
			buildActionMask = 2147483647;
			files = (
			);
			runOnlyForDeploymentPostprocessing = 0;
		};
		F90431002E755E6800E306FA /* Sources */ = {
			isa = PBXSourcesBuildPhase;
			buildActionMask = 2147483647;
			files = (
			);
			runOnlyForDeploymentPostprocessing = 0;
		};
/* End PBXSourcesBuildPhase section */

/* Begin PBXTargetDependency section */
		F90430FC2E755E6800E306FA /* PBXTargetDependency */ = {
			isa = PBXTargetDependency;
			target = F90430E32E755E6600E306FA /* GitHubFollowers */;
			targetProxy = F90430FB2E755E6800E306FA /* PBXContainerItemProxy */;
		};
		F90431062E755E6800E306FA /* PBXTargetDependency */ = {
			isa = PBXTargetDependency;
			target = F90430E32E755E6600E306FA /* GitHubFollowers */;
			targetProxy = F90431052E755E6800E306FA /* PBXContainerItemProxy */;
		};
/* End PBXTargetDependency section */

/* Begin PBXVariantGroup section */
		F904311C2E75760800E306FA /* LaunchScreen.storyboard */ = {
			isa = PBXVariantGroup;
			children = (
				F904311B2E75760800E306FA /* Base */,
			);
			name = LaunchScreen.storyboard;
			sourceTree = "<group>";
		};
/* End PBXVariantGroup section */

/* Begin XCBuildConfiguration section */
		F904310E2E755E6800E306FA /* Debug */ = {
			isa = XCBuildConfiguration;
			buildSettings = {
				ASSETCATALOG_COMPILER_APPICON_NAME = AppIcon;
				ASSETCATALOG_COMPILER_GLOBAL_ACCENT_COLOR_NAME = AccentColor;
				CODE_SIGN_STYLE = Automatic;
				CURRENT_PROJECT_VERSION = 1;
				GENERATE_INFOPLIST_FILE = YES;
				INFOPLIST_FILE = GitHubFollowers/Info.plist;
				INFOPLIST_KEY_UIApplicationSupportsIndirectInputEvents = YES;
				INFOPLIST_KEY_UILaunchStoryboardName = LaunchScreen;
				INFOPLIST_KEY_UISupportedInterfaceOrientations = UIInterfaceOrientationPortrait;
				LD_RUNPATH_SEARCH_PATHS = (
					"$(inherited)",
					"@executable_path/Frameworks",
				);
				MARKETING_VERSION = 1.0;
				PRODUCT_BUNDLE_IDENTIFIER = com.GitHubFollowers;
				PRODUCT_NAME = "$(TARGET_NAME)";
				SWIFT_EMIT_LOC_STRINGS = YES;
				SWIFT_VERSION = 5.0;
				TARGETED_DEVICE_FAMILY = "1,2";
			};
			name = Debug;
		};
		F904310F2E755E6800E306FA /* Release */ = {
			isa = XCBuildConfiguration;
			buildSettings = {
				ASSETCATALOG_COMPILER_APPICON_NAME = AppIcon;
				ASSETCATALOG_COMPILER_GLOBAL_ACCENT_COLOR_NAME = AccentColor;
				CODE_SIGN_STYLE = Automatic;
				CURRENT_PROJECT_VERSION = 1;
				GENERATE_INFOPLIST_FILE = YES;
				INFOPLIST_FILE = GitHubFollowers/Info.plist;
				INFOPLIST_KEY_UIApplicationSupportsIndirectInputEvents = YES;
				INFOPLIST_KEY_UILaunchStoryboardName = LaunchScreen;
				INFOPLIST_KEY_UISupportedInterfaceOrientations = UIInterfaceOrientationPortrait;
				LD_RUNPATH_SEARCH_PATHS = (
					"$(inherited)",
					"@executable_path/Frameworks",
				);
				MARKETING_VERSION = 1.0;
				PRODUCT_BUNDLE_IDENTIFIER = com.GitHubFollowers;
				PRODUCT_NAME = "$(TARGET_NAME)";
				SWIFT_EMIT_LOC_STRINGS = YES;
				SWIFT_VERSION = 5.0;
				TARGETED_DEVICE_FAMILY = "1,2";
			};
			name = Release;
		};
		F90431102E755E6800E306FA /* Debug */ = {
			isa = XCBuildConfiguration;
			buildSettings = {
				ALWAYS_SEARCH_USER_PATHS = NO;
				ASSETCATALOG_COMPILER_GENERATE_SWIFT_ASSET_SYMBOL_EXTENSIONS = YES;
				CLANG_ANALYZER_NONNULL = YES;
				CLANG_ANALYZER_NUMBER_OBJECT_CONVERSION = YES_AGGRESSIVE;
				CLANG_CXX_LANGUAGE_STANDARD = "gnu++20";
				CLANG_ENABLE_MODULES = YES;
				CLANG_ENABLE_OBJC_ARC = YES;
				CLANG_ENABLE_OBJC_WEAK = YES;
				CLANG_WARN_BLOCK_CAPTURE_AUTORELEASING = YES;
				CLANG_WARN_BOOL_CONVERSION = YES;
				CLANG_WARN_COMMA = YES;
				CLANG_WARN_CONSTANT_CONVERSION = YES;
				CLANG_WARN_DEPRECATED_OBJC_IMPLEMENTATIONS = YES;
				CLANG_WARN_DIRECT_OBJC_ISA_USAGE = YES_ERROR;
				CLANG_WARN_DOCUMENTATION_COMMENTS = YES;
				CLANG_WARN_EMPTY_BODY = YES;
				CLANG_WARN_ENUM_CONVERSION = YES;
				CLANG_WARN_INFINITE_RECURSION = YES;
				CLANG_WARN_INT_CONVERSION = YES;
				CLANG_WARN_NON_LITERAL_NULL_CONVERSION = YES;
				CLANG_WARN_OBJC_IMPLICIT_RETAIN_SELF = YES;
				CLANG_WARN_OBJC_LITERAL_CONVERSION = YES;
				CLANG_WARN_OBJC_ROOT_CLASS = YES_ERROR;
				CLANG_WARN_QUOTED_INCLUDE_IN_FRAMEWORK_HEADER = YES;
				CLANG_WARN_RANGE_LOOP_ANALYSIS = YES;
				CLANG_WARN_STRICT_PROTOTYPES = YES;
				CLANG_WARN_SUSPICIOUS_MOVE = YES;
				CLANG_WARN_UNGUARDED_AVAILABILITY = YES_AGGRESSIVE;
				CLANG_WARN_UNREACHABLE_CODE = YES;
				CLANG_WARN__DUPLICATE_METHOD_MATCH = YES;
				COPY_PHASE_STRIP = NO;
				DEBUG_INFORMATION_FORMAT = dwarf;
				ENABLE_STRICT_OBJC_MSGSEND = YES;
				ENABLE_TESTABILITY = YES;
				ENABLE_USER_SCRIPT_SANDBOXING = YES;
				GCC_C_LANGUAGE_STANDARD = gnu17;
				GCC_DYNAMIC_NO_PIC = NO;
				GCC_NO_COMMON_BLOCKS = YES;
				GCC_OPTIMIZATION_LEVEL = 0;
				GCC_PREPROCESSOR_DEFINITIONS = (
					"DEBUG=1",
					"$(inherited)",
				);
				GCC_WARN_64_TO_32_BIT_CONVERSION = YES;
				GCC_WARN_ABOUT_RETURN_TYPE = YES_ERROR;
				GCC_WARN_UNDECLARED_SELECTOR = YES;
				GCC_WARN_UNINITIALIZED_AUTOS = YES_AGGRESSIVE;
				GCC_WARN_UNUSED_FUNCTION = YES;
				GCC_WARN_UNUSED_VARIABLE = YES;
				IPHONEOS_DEPLOYMENT_TARGET = 18.4;
				LOCALIZATION_PREFERS_STRING_CATALOGS = YES;
				MTL_ENABLE_DEBUG_INFO = INCLUDE_SOURCE;
				MTL_FAST_MATH = YES;
				ONLY_ACTIVE_ARCH = YES;
				SDKROOT = iphoneos;
				SWIFT_ACTIVE_COMPILATION_CONDITIONS = "DEBUG $(inherited)";
				SWIFT_OPTIMIZATION_LEVEL = "-Onone";
			};
			name = Debug;
		};
		F90431112E755E6800E306FA /* Release */ = {
			isa = XCBuildConfiguration;
			buildSettings = {
				ALWAYS_SEARCH_USER_PATHS = NO;
				ASSETCATALOG_COMPILER_GENERATE_SWIFT_ASSET_SYMBOL_EXTENSIONS = YES;
				CLANG_ANALYZER_NONNULL = YES;
				CLANG_ANALYZER_NUMBER_OBJECT_CONVERSION = YES_AGGRESSIVE;
				CLANG_CXX_LANGUAGE_STANDARD = "gnu++20";
				CLANG_ENABLE_MODULES = YES;
				CLANG_ENABLE_OBJC_ARC = YES;
				CLANG_ENABLE_OBJC_WEAK = YES;
				CLANG_WARN_BLOCK_CAPTURE_AUTORELEASING = YES;
				CLANG_WARN_BOOL_CONVERSION = YES;
				CLANG_WARN_COMMA = YES;
				CLANG_WARN_CONSTANT_CONVERSION = YES;
				CLANG_WARN_DEPRECATED_OBJC_IMPLEMENTATIONS = YES;
				CLANG_WARN_DIRECT_OBJC_ISA_USAGE = YES_ERROR;
				CLANG_WARN_DOCUMENTATION_COMMENTS = YES;
				CLANG_WARN_EMPTY_BODY = YES;
				CLANG_WARN_ENUM_CONVERSION = YES;
				CLANG_WARN_INFINITE_RECURSION = YES;
				CLANG_WARN_INT_CONVERSION = YES;
				CLANG_WARN_NON_LITERAL_NULL_CONVERSION = YES;
				CLANG_WARN_OBJC_IMPLICIT_RETAIN_SELF = YES;
				CLANG_WARN_OBJC_LITERAL_CONVERSION = YES;
				CLANG_WARN_OBJC_ROOT_CLASS = YES_ERROR;
				CLANG_WARN_QUOTED_INCLUDE_IN_FRAMEWORK_HEADER = YES;
				CLANG_WARN_RANGE_LOOP_ANALYSIS = YES;
				CLANG_WARN_STRICT_PROTOTYPES = YES;
				CLANG_WARN_SUSPICIOUS_MOVE = YES;
				CLANG_WARN_UNGUARDED_AVAILABILITY = YES_AGGRESSIVE;
				CLANG_WARN_UNREACHABLE_CODE = YES;
				CLANG_WARN__DUPLICATE_METHOD_MATCH = YES;
				COPY_PHASE_STRIP = NO;
				DEBUG_INFORMATION_FORMAT = "dwarf-with-dsym";
				ENABLE_NS_ASSERTIONS = NO;
				ENABLE_STRICT_OBJC_MSGSEND = YES;
				ENABLE_USER_SCRIPT_SANDBOXING = YES;
				GCC_C_LANGUAGE_STANDARD = gnu17;
				GCC_NO_COMMON_BLOCKS = YES;
				GCC_WARN_64_TO_32_BIT_CONVERSION = YES;
				GCC_WARN_ABOUT_RETURN_TYPE = YES_ERROR;
				GCC_WARN_UNDECLARED_SELECTOR = YES;
				GCC_WARN_UNINITIALIZED_AUTOS = YES_AGGRESSIVE;
				GCC_WARN_UNUSED_FUNCTION = YES;
				GCC_WARN_UNUSED_VARIABLE = YES;
				IPHONEOS_DEPLOYMENT_TARGET = 18.4;
				LOCALIZATION_PREFERS_STRING_CATALOGS = YES;
				MTL_ENABLE_DEBUG_INFO = NO;
				MTL_FAST_MATH = YES;
				SDKROOT = iphoneos;
				SWIFT_COMPILATION_MODE = wholemodule;
				VALIDATE_PRODUCT = YES;
			};
			name = Release;
		};
		F90431132E755E6800E306FA /* Debug */ = {
			isa = XCBuildConfiguration;
			buildSettings = {
				BUNDLE_LOADER = "$(TEST_HOST)";
				CODE_SIGN_STYLE = Automatic;
				CURRENT_PROJECT_VERSION = 1;
				GENERATE_INFOPLIST_FILE = YES;
				IPHONEOS_DEPLOYMENT_TARGET = 18.4;
				MARKETING_VERSION = 1.0;
				PRODUCT_BUNDLE_IDENTIFIER = com.GitHubFollowersTests;
				PRODUCT_NAME = "$(TARGET_NAME)";
				SWIFT_EMIT_LOC_STRINGS = NO;
				SWIFT_VERSION = 5.0;
				TARGETED_DEVICE_FAMILY = "1,2";
				TEST_HOST = "$(BUILT_PRODUCTS_DIR)/GitHubFollowers.app/$(BUNDLE_EXECUTABLE_FOLDER_PATH)/GitHubFollowers";
			};
			name = Debug;
		};
		F90431142E755E6800E306FA /* Release */ = {
			isa = XCBuildConfiguration;
			buildSettings = {
				BUNDLE_LOADER = "$(TEST_HOST)";
				CODE_SIGN_STYLE = Automatic;
				CURRENT_PROJECT_VERSION = 1;
				GENERATE_INFOPLIST_FILE = YES;
				IPHONEOS_DEPLOYMENT_TARGET = 18.4;
				MARKETING_VERSION = 1.0;
				PRODUCT_BUNDLE_IDENTIFIER = com.GitHubFollowersTests;
				PRODUCT_NAME = "$(TARGET_NAME)";
				SWIFT_EMIT_LOC_STRINGS = NO;
				SWIFT_VERSION = 5.0;
				TARGETED_DEVICE_FAMILY = "1,2";
				TEST_HOST = "$(BUILT_PRODUCTS_DIR)/GitHubFollowers.app/$(BUNDLE_EXECUTABLE_FOLDER_PATH)/GitHubFollowers";
			};
			name = Release;
		};
		F90431162E755E6800E306FA /* Debug */ = {
			isa = XCBuildConfiguration;
			buildSettings = {
				CODE_SIGN_STYLE = Automatic;
				CURRENT_PROJECT_VERSION = 1;
				GENERATE_INFOPLIST_FILE = YES;
				MARKETING_VERSION = 1.0;
				PRODUCT_BUNDLE_IDENTIFIER = com.GitHubFollowersUITests;
				PRODUCT_NAME = "$(TARGET_NAME)";
				SWIFT_EMIT_LOC_STRINGS = NO;
				SWIFT_VERSION = 5.0;
				TARGETED_DEVICE_FAMILY = "1,2";
				TEST_TARGET_NAME = GitHubFollowers;
			};
			name = Debug;
		};
		F90431172E755E6800E306FA /* Release */ = {
			isa = XCBuildConfiguration;
			buildSettings = {
				CODE_SIGN_STYLE = Automatic;
				CURRENT_PROJECT_VERSION = 1;
				GENERATE_INFOPLIST_FILE = YES;
				MARKETING_VERSION = 1.0;
				PRODUCT_BUNDLE_IDENTIFIER = com.GitHubFollowersUITests;
				PRODUCT_NAME = "$(TARGET_NAME)";
				SWIFT_EMIT_LOC_STRINGS = NO;
				SWIFT_VERSION = 5.0;
				TARGETED_DEVICE_FAMILY = "1,2";
				TEST_TARGET_NAME = GitHubFollowers;
			};
			name = Release;
		};
/* End XCBuildConfiguration section */

/* Begin XCConfigurationList section */
		F90430DF2E755E6600E306FA /* Build configuration list for PBXProject "GitHubFollowers" */ = {
			isa = XCConfigurationList;
			buildConfigurations = (
				F90431102E755E6800E306FA /* Debug */,
				F90431112E755E6800E306FA /* Release */,
			);
			defaultConfigurationIsVisible = 0;
			defaultConfigurationName = Release;
		};
		F904310D2E755E6800E306FA /* Build configuration list for PBXNativeTarget "GitHubFollowers" */ = {
			isa = XCConfigurationList;
			buildConfigurations = (
				F904310E2E755E6800E306FA /* Debug */,
				F904310F2E755E6800E306FA /* Release */,
			);
			defaultConfigurationIsVisible = 0;
			defaultConfigurationName = Release;
		};
		F90431122E755E6800E306FA /* Build configuration list for PBXNativeTarget "GitHubFollowersTests" */ = {
			isa = XCConfigurationList;
			buildConfigurations = (
				F90431132E755E6800E306FA /* Debug */,
				F90431142E755E6800E306FA /* Release */,
			);
			defaultConfigurationIsVisible = 0;
			defaultConfigurationName = Release;
		};
		F90431152E755E6800E306FA /* Build configuration list for PBXNativeTarget "GitHubFollowersUITests" */ = {
			isa = XCConfigurationList;
			buildConfigurations = (
				F90431162E755E6800E306FA /* Debug */,
				F90431172E755E6800E306FA /* Release */,
			);
			defaultConfigurationIsVisible = 0;
			defaultConfigurationName = Release;
		};
/* End XCConfigurationList section */
	};
	rootObject = F90430DC2E755E6600E306FA /* Project object */;
}
